# This file is automatically @generated by Poetry 2.1.1 and should not be changed by hand.

[[package]]
name = "black"
version = "23.9.1"
description = "The uncompromising code formatter."
optional = false
python-versions = ">=3.8"
groups = ["dev"]
files = [
    {file = "black-23.9.1-cp310-cp310-macosx_10_16_arm64.whl", hash = "sha256:d6bc09188020c9ac2555a498949401ab35bb6bf76d4e0f8ee251694664df6301"},
    {file = "black-23.9.1-cp310-cp310-macosx_10_16_universal2.whl", hash = "sha256:13ef033794029b85dfea8032c9d3b92b42b526f1ff4bf13b2182ce4e917f5100"},
    {file = "black-23.9.1-cp310-cp310-macosx_10_16_x86_64.whl", hash = "sha256:75a2dc41b183d4872d3a500d2b9c9016e67ed95738a3624f4751a0cb4818fe71"},
    {file = "black-23.9.1-cp310-cp310-manylinux_2_17_x86_64.manylinux2014_x86_64.whl", hash = "sha256:13a2e4a93bb8ca74a749b6974925c27219bb3df4d42fc45e948a5d9feb5122b7"},
    {file = "black-23.9.1-cp310-cp310-win_amd64.whl", hash = "sha256:adc3e4442eef57f99b5590b245a328aad19c99552e0bdc7f0b04db6656debd80"},
    {file = "black-23.9.1-cp311-cp311-macosx_10_16_arm64.whl", hash = "sha256:8431445bf62d2a914b541da7ab3e2b4f3bc052d2ccbf157ebad18ea126efb91f"},
    {file = "black-23.9.1-cp311-cp311-macosx_10_16_universal2.whl", hash = "sha256:8fc1ddcf83f996247505db6b715294eba56ea9372e107fd54963c7553f2b6dfe"},
    {file = "black-23.9.1-cp311-cp311-macosx_10_16_x86_64.whl", hash = "sha256:7d30ec46de88091e4316b17ae58bbbfc12b2de05e069030f6b747dfc649ad186"},
    {file = "black-23.9.1-cp311-cp311-manylinux_2_17_x86_64.manylinux2014_x86_64.whl", hash = "sha256:031e8c69f3d3b09e1aa471a926a1eeb0b9071f80b17689a655f7885ac9325a6f"},
    {file = "black-23.9.1-cp311-cp311-win_amd64.whl", hash = "sha256:538efb451cd50f43aba394e9ec7ad55a37598faae3348d723b59ea8e91616300"},
    {file = "black-23.9.1-cp38-cp38-macosx_10_16_arm64.whl", hash = "sha256:638619a559280de0c2aa4d76f504891c9860bb8fa214267358f0a20f27c12948"},
    {file = "black-23.9.1-cp38-cp38-macosx_10_16_universal2.whl", hash = "sha256:a732b82747235e0542c03bf352c126052c0fbc458d8a239a94701175b17d4855"},
    {file = "black-23.9.1-cp38-cp38-macosx_10_16_x86_64.whl", hash = "sha256:cf3a4d00e4cdb6734b64bf23cd4341421e8953615cba6b3670453737a72ec204"},
    {file = "black-23.9.1-cp38-cp38-manylinux_2_17_x86_64.manylinux2014_x86_64.whl", hash = "sha256:cf99f3de8b3273a8317681d8194ea222f10e0133a24a7548c73ce44ea1679377"},
    {file = "black-23.9.1-cp38-cp38-win_amd64.whl", hash = "sha256:14f04c990259576acd093871e7e9b14918eb28f1866f91968ff5524293f9c573"},
    {file = "black-23.9.1-cp39-cp39-macosx_10_16_arm64.whl", hash = "sha256:c619f063c2d68f19b2d7270f4cf3192cb81c9ec5bc5ba02df91471d0b88c4c5c"},
    {file = "black-23.9.1-cp39-cp39-macosx_10_16_universal2.whl", hash = "sha256:6a3b50e4b93f43b34a9d3ef00d9b6728b4a722c997c99ab09102fd5efdb88325"},
    {file = "black-23.9.1-cp39-cp39-macosx_10_16_x86_64.whl", hash = "sha256:c46767e8df1b7beefb0899c4a95fb43058fa8500b6db144f4ff3ca38eb2f6393"},
    {file = "black-23.9.1-cp39-cp39-manylinux_2_17_x86_64.manylinux2014_x86_64.whl", hash = "sha256:50254ebfa56aa46a9fdd5d651f9637485068a1adf42270148cd101cdf56e0ad9"},
    {file = "black-23.9.1-cp39-cp39-win_amd64.whl", hash = "sha256:403397c033adbc45c2bd41747da1f7fc7eaa44efbee256b53842470d4ac5a70f"},
    {file = "black-23.9.1-py3-none-any.whl", hash = "sha256:6ccd59584cc834b6d127628713e4b6b968e5f79572da66284532525a042549f9"},
    {file = "black-23.9.1.tar.gz", hash = "sha256:24b6b3ff5c6d9ea08a8888f6977eae858e1f340d7260cf56d70a49823236b62d"},
]

[package.dependencies]
click = ">=8.0.0"
mypy-extensions = ">=0.4.3"
packaging = ">=22.0"
pathspec = ">=0.9.0"
platformdirs = ">=2"
tomli = {version = ">=1.1.0", markers = "python_version < \"3.11\""}
typing-extensions = {version = ">=4.0.1", markers = "python_version < \"3.11\""}

[package.extras]
colorama = ["colorama (>=0.4.3)"]
d = ["aiohttp (>=3.7.4)"]
jupyter = ["ipython (>=7.8.0)", "tokenize-rt (>=3.2.0)"]
uvloop = ["uvloop (>=0.15.2)"]

[[package]]
name = "click"
version = "8.1.7"
description = "Composable command line interface toolkit"
optional = false
python-versions = ">=3.7"
groups = ["dev"]
files = [
    {file = "click-8.1.7-py3-none-any.whl", hash = "sha256:ae74fb96c20a0277a1d615f1e4d73c8414f5a98db8b799a7931d1582f3390c28"},
    {file = "click-8.1.7.tar.gz", hash = "sha256:ca9853ad459e787e2192211578cc907e7594e294c7ccc834310722b41b9ca6de"},
]

[package.dependencies]
colorama = {version = "*", markers = "platform_system == \"Windows\""}

[[package]]
name = "colorama"
version = "0.4.6"
description = "Cross-platform colored terminal text."
optional = false
python-versions = "!=3.0.*,!=3.1.*,!=3.2.*,!=3.3.*,!=3.4.*,!=3.5.*,!=3.6.*,>=2.7"
groups = ["dev"]
markers = "platform_system == \"Windows\" or sys_platform == \"win32\""
files = [
    {file = "colorama-0.4.6-py2.py3-none-any.whl", hash = "sha256:4f1d9991f5acc0ca119f9d443620b77f9d6b33703e51011c16baf57afb285fc6"},
    {file = "colorama-0.4.6.tar.gz", hash = "sha256:08695f5cb7ed6e0531a20572697297273c47b8cae5a63ffc6d6ed5c201be6e44"},
]

[[package]]
name = "exceptiongroup"
version = "1.3.0"
description = "Backport of PEP 654 (exception groups)"
optional = false
python-versions = ">=3.7"
groups = ["dev"]
markers = "python_version < \"3.11\""
files = [
    {file = "exceptiongroup-1.3.0-py3-none-any.whl", hash = "sha256:4d111e6e0c13d0644cad6ddaa7ed0261a0b36971f6d23e7ec9b4b9097da78a10"},
    {file = "exceptiongroup-1.3.0.tar.gz", hash = "sha256:b241f5885f560bc56a59ee63ca4c6a8bfa46ae4ad651af316d4e81817bb9fd88"},
]

[package.dependencies]
typing-extensions = {version = ">=4.6.0", markers = "python_version < \"3.13\""}

[package.extras]
test = ["pytest (>=6)"]

[[package]]
name = "flake8"
version = "7.3.0"
description = "the modular source code checker: pep8 pyflakes and co"
optional = false
python-versions = ">=3.9"
groups = ["dev"]
files = [
    {file = "flake8-7.3.0-py2.py3-none-any.whl", hash = "sha256:b9696257b9ce8beb888cdbe31cf885c90d31928fe202be0889a7cdafad32f01e"},
    {file = "flake8-7.3.0.tar.gz", hash = "sha256:fe044858146b9fc69b551a4b490d69cf960fcb78ad1edcb84e7fbb1b4a8e3872"},
]

[package.dependencies]
mccabe = ">=0.7.0,<0.8.0"
pycodestyle = ">=2.14.0,<2.15.0"
pyflakes = ">=3.4.0,<3.5.0"

[[package]]
name = "flake8-pyproject"
version = "1.2.3"
description = "Flake8 plug-in loading the configuration from pyproject.toml"
optional = false
python-versions = ">= 3.6"
groups = ["dev"]
files = [
    {file = "flake8_pyproject-1.2.3-py3-none-any.whl", hash = "sha256:6249fe53545205af5e76837644dc80b4c10037e73a0e5db87ff562d75fb5bd4a"},
]

[package.dependencies]
Flake8 = ">=5"
TOMLi = {version = "*", markers = "python_version < \"3.11\""}

[package.extras]
dev = ["pyTest", "pyTest-cov"]

[[package]]
name = "iniconfig"
version = "2.1.0"
description = "brain-dead simple config-ini parsing"
optional = false
python-versions = ">=3.8"
groups = ["dev"]
files = [
    {file = "iniconfig-2.1.0-py3-none-any.whl", hash = "sha256:9deba5723312380e77435581c6bf4935c94cbfab9b1ed33ef8d238ea168eb760"},
    {file = "iniconfig-2.1.0.tar.gz", hash = "sha256:3abbd2e30b36733fee78f9c7f7308f2d0050e88f0087fd25c2645f63c773e1c7"},
]

[[package]]
name = "isort"
version = "5.12.0"
description = "A Python utility / library to sort Python imports."
optional = false
python-versions = ">=3.8.0"
groups = ["dev"]
files = [
    {file = "isort-5.12.0-py3-none-any.whl", hash = "sha256:f84c2818376e66cf843d497486ea8fed8700b340f308f076c6fb1229dff318b6"},
    {file = "isort-5.12.0.tar.gz", hash = "sha256:8bef7dde241278824a6d83f44a544709b065191b95b6e50894bdc722fcba0504"},
]

[package.extras]
colors = ["colorama (>=0.4.3)"]
pipfile-deprecated-finder = ["pip-shims (>=0.5.2)", "pipreqs", "requirementslib"]
plugins = ["setuptools"]
requirements-deprecated-finder = ["pip-api", "pipreqs"]

[[package]]
name = "mccabe"
version = "0.7.0"
description = "McCabe checker, plugin for flake8"
optional = false
python-versions = ">=3.6"
groups = ["dev"]
files = [
    {file = "mccabe-0.7.0-py2.py3-none-any.whl", hash = "sha256:6c2d30ab6be0e4a46919781807b4f0d834ebdd6c6e3dca0bda5a15f863427b6e"},
    {file = "mccabe-0.7.0.tar.gz", hash = "sha256:348e0240c33b60bbdf4e523192ef919f28cb2c3d7d5c7794f74009290f236325"},
]

[[package]]
name = "mypy-extensions"
version = "1.0.0"
description = "Type system extensions for programs checked with the mypy type checker."
optional = false
python-versions = ">=3.5"
groups = ["dev"]
files = [
    {file = "mypy_extensions-1.0.0-py3-none-any.whl", hash = "sha256:4392f6c0eb8a5668a69e23d168ffa70f0be9ccfd32b5cc2d26a34ae5b844552d"},
    {file = "mypy_extensions-1.0.0.tar.gz", hash = "sha256:75dbf8955dc00442a438fc4d0666508a9a97b6bd41aa2f0ffe9d2f2725af0782"},
]

[[package]]
name = "nodeenv"
version = "1.9.1"
description = "Node.js virtual environment builder"
optional = false
python-versions = "!=3.0.*,!=3.1.*,!=3.2.*,!=3.3.*,!=3.4.*,!=3.5.*,!=3.6.*,>=2.7"
groups = ["dev"]
files = [
    {file = "nodeenv-1.9.1-py2.py3-none-any.whl", hash = "sha256:ba11c9782d29c27c70ffbdda2d7415098754709be8a7056d79a737cd901155c9"},
    {file = "nodeenv-1.9.1.tar.gz", hash = "sha256:6ec12890a2dab7946721edbfbcd91f3319c6ccc9aec47be7c7e6b7011ee6645f"},
]

[[package]]
name = "packaging"
version = "23.2"
description = "Core utilities for Python packages"
optional = false
python-versions = ">=3.7"
groups = ["dev"]
files = [
    {file = "packaging-23.2-py3-none-any.whl", hash = "sha256:8c491190033a9af7e1d931d0b5dacc2ef47509b34dd0de67ed209b5203fc88c7"},
    {file = "packaging-23.2.tar.gz", hash = "sha256:048fb0e9405036518eaaf48a55953c750c11e1a1b68e0dd1a9d62ed0c092cfc5"},
]

[[package]]
name = "pastel"
version = "0.2.1"
description = "Bring colors to your terminal."
optional = false
python-versions = ">=2.7, !=3.0.*, !=3.1.*, !=3.2.*, !=3.3.*"
groups = ["dev"]
files = [
    {file = "pastel-0.2.1-py2.py3-none-any.whl", hash = "sha256:4349225fcdf6c2bb34d483e523475de5bb04a5c10ef711263452cb37d7dd4364"},
    {file = "pastel-0.2.1.tar.gz", hash = "sha256:e6581ac04e973cac858828c6202c1e1e81fee1dc7de7683f3e1ffe0bfd8a573d"},
]

[[package]]
name = "pathspec"
version = "0.11.2"
description = "Utility library for gitignore style pattern matching of file paths."
optional = false
python-versions = ">=3.7"
groups = ["dev"]
files = [
    {file = "pathspec-0.11.2-py3-none-any.whl", hash = "sha256:1d6ed233af05e679efb96b1851550ea95bbb64b7c490b0f5aa52996c11e92a20"},
    {file = "pathspec-0.11.2.tar.gz", hash = "sha256:e0d8d0ac2f12da61956eb2306b69f9469b42f4deb0f3cb6ed47b9cce9996ced3"},
]

[[package]]
name = "platformdirs"
version = "3.11.0"
description = "A small Python package for determining appropriate platform-specific dirs, e.g. a \"user data dir\"."
optional = false
python-versions = ">=3.7"
groups = ["dev"]
files = [
    {file = "platformdirs-3.11.0-py3-none-any.whl", hash = "sha256:e9d171d00af68be50e9202731309c4e658fd8bc76f55c11c7dd760d023bda68e"},
    {file = "platformdirs-3.11.0.tar.gz", hash = "sha256:cf8ee52a3afdb965072dcc652433e0c7e3e40cf5ea1477cd4b3b1d2eb75495b3"},
]

[package.extras]
docs = ["furo (>=2023.7.26)", "proselint (>=0.13)", "sphinx (>=7.1.1)", "sphinx-autodoc-typehints (>=1.24)"]
test = ["appdirs (==1.4.4)", "covdefaults (>=2.3)", "pytest (>=7.4)", "pytest-cov (>=4.1)", "pytest-mock (>=3.11.1)"]

[[package]]
name = "pluggy"
version = "1.6.0"
description = "plugin and hook calling mechanisms for python"
optional = false
python-versions = ">=3.9"
groups = ["dev"]
files = [
    {file = "pluggy-1.6.0-py3-none-any.whl", hash = "sha256:e920276dd6813095e9377c0bc5566d94c932c33b27a3e3945d8389c374dd4746"},
    {file = "pluggy-1.6.0.tar.gz", hash = "sha256:7dcc130b76258d33b90f61b658791dede3486c3e6bfb003ee5c9bfb396dd22f3"},
]

[package.extras]
dev = ["pre-commit", "tox"]
testing = ["coverage", "pytest", "pytest-benchmark"]

[[package]]
name = "poethepoet"
version = "0.21.1"
description = "A task runner that works well with poetry."
optional = false
python-versions = ">=3.8"
groups = ["dev"]
files = [
    {file = "poethepoet-0.21.1-py3-none-any.whl", hash = "sha256:c79b2aefc889c4490db9d64ecc1896db78700aa212b8c5f0bca4aee0395e7714"},
    {file = "poethepoet-0.21.1.tar.gz", hash = "sha256:39d754f53714545a23cfc94b122deaf3548218b6e35b453c30973c5598719e9f"},
]

[package.dependencies]
pastel = ">=0.2.1,<0.3.0"
tomli = ">=1.2.2"

[package.extras]
poetry-plugin = ["poetry (>=1.0,<2.0)"]

[[package]]
name = "pycodestyle"
version = "2.14.0"
description = "Python style guide checker"
optional = false
python-versions = ">=3.9"
groups = ["dev"]
files = [
    {file = "pycodestyle-2.14.0-py2.py3-none-any.whl", hash = "sha256:dd6bf7cb4ee77f8e016f9c8e74a35ddd9f67e1d5fd4184d86c3b98e07099f42d"},
    {file = "pycodestyle-2.14.0.tar.gz", hash = "sha256:c4b5b517d278089ff9d0abdec919cd97262a3367449ea1c8b49b91529167b783"},
]

[[package]]
name = "pyflakes"
version = "3.4.0"
description = "passive checker of Python programs"
optional = false
python-versions = ">=3.9"
groups = ["dev"]
files = [
    {file = "pyflakes-3.4.0-py2.py3-none-any.whl", hash = "sha256:f742a7dbd0d9cb9ea41e9a24a918996e8170c799fa528688d40dd582c8265f4f"},
    {file = "pyflakes-3.4.0.tar.gz", hash = "sha256:b24f96fafb7d2ab0ec5075b7350b3d2d2218eab42003821c06344973d3ea2f58"},
]

[[package]]
name = "pygments"
version = "2.19.2"
description = "Pygments is a syntax highlighting package written in Python."
optional = false
python-versions = ">=3.8"
groups = ["dev"]
files = [
    {file = "pygments-2.19.2-py3-none-any.whl", hash = "sha256:86540386c03d588bb81d44bc3928634ff26449851e99741617ecb9037ee5ec0b"},
    {file = "pygments-2.19.2.tar.gz", hash = "sha256:636cb2477cec7f8952536970bc533bc43743542f70392ae026374600add5b887"},
]

[package.extras]
windows-terminal = ["colorama (>=0.4.6)"]

[[package]]
name = "pyright"
version = "1.1.402"
description = "Command line wrapper for pyright"
optional = false
python-versions = ">=3.7"
groups = ["dev"]
files = [
    {file = "pyright-1.1.402-py3-none-any.whl", hash = "sha256:2c721f11869baac1884e846232800fe021c33f1b4acb3929cff321f7ea4e2982"},
    {file = "pyright-1.1.402.tar.gz", hash = "sha256:85a33c2d40cd4439c66aa946fd4ce71ab2f3f5b8c22ce36a623f59ac22937683"},
]

[package.dependencies]
nodeenv = ">=1.6.0"
typing-extensions = ">=4.1"

[package.extras]
all = ["nodejs-wheel-binaries", "twine (>=3.4.1)"]
dev = ["twine (>=3.4.1)"]
nodejs = ["nodejs-wheel-binaries"]

[[package]]
name = "pytest"
version = "8.4.1"
description = "pytest: simple powerful testing with Python"
optional = false
python-versions = ">=3.9"
groups = ["dev"]
files = [
    {file = "pytest-8.4.1-py3-none-any.whl", hash = "sha256:539c70ba6fcead8e78eebbf1115e8b589e7565830d7d006a8723f19ac8a0afb7"},
    {file = "pytest-8.4.1.tar.gz", hash = "sha256:7c67fd69174877359ed9371ec3af8a3d2b04741818c51e5e99cc1742251fa93c"},
]

[package.dependencies]
colorama = {version = ">=0.4", markers = "sys_platform == \"win32\""}
exceptiongroup = {version = ">=1", markers = "python_version < \"3.11\""}
iniconfig = ">=1"
packaging = ">=20"
pluggy = ">=1.5,<2"
pygments = ">=2.7.2"
tomli = {version = ">=1", markers = "python_version < \"3.11\""}

[package.extras]
dev = ["argcomplete", "attrs (>=19.2)", "hypothesis (>=3.56)", "mock", "requests", "setuptools", "xmlschema"]

[[package]]
name = "pytest-mock"
version = "3.14.1"
description = "Thin-wrapper around the mock package for easier use with pytest"
optional = false
python-versions = ">=3.8"
groups = ["dev"]
files = [
    {file = "pytest_mock-3.14.1-py3-none-any.whl", hash = "sha256:178aefcd11307d874b4cd3100344e7e2d888d9791a6a1d9bfe90fbc1b74fd1d0"},
    {file = "pytest_mock-3.14.1.tar.gz", hash = "sha256:159e9edac4c451ce77a5cdb9fc5d1100708d2dd4ba3c3df572f14097351af80e"},
]

[package.dependencies]
pytest = ">=6.2.5"

[package.extras]
dev = ["pre-commit", "pytest-asyncio", "tox"]

[[package]]
name = "setuptools"
version = "75.9.1"
description = "Easily download, build, install, upgrade, and uninstall Python packages"
optional = false
python-versions = ">=3.9"
groups = ["dev"]
files = [
    {file = "setuptools-75.9.1-py3-none-any.whl", hash = "sha256:0a6f876d62f4d978ca1a11ab4daf728d1357731f978543ff18ecdbf9fd071f73"},
    {file = "setuptools-75.9.1.tar.gz", hash = "sha256:b6eca2c3070cdc82f71b4cb4bb2946bc0760a210d11362278cf1ff394e6ea32c"},
]

[package.extras]
check = ["pytest-checkdocs (>=2.4)", "pytest-ruff (>=0.2.1) ; sys_platform != \"cygwin\"", "ruff (>=0.8.0) ; sys_platform != \"cygwin\""]
core = ["importlib_metadata (>=6) ; python_version < \"3.10\"", "jaraco.collections", "jaraco.functools (>=4)", "jaraco.text (>=3.7)", "more_itertools", "more_itertools (>=8.8)", "packaging", "packaging (>=24.2)", "platformdirs (>=4.2.2)", "tomli (>=2.0.1) ; python_version < \"3.11\"", "wheel (>=0.43.0)"]
cover = ["pytest-cov"]
doc = ["furo", "jaraco.packaging (>=9.3)", "jaraco.tidelift (>=1.4)", "pygments-github-lexers (==0.0.5)", "pyproject-hooks (!=1.1)", "rst.linker (>=1.9)", "sphinx (>=3.5)", "sphinx-favicon", "sphinx-inline-tabs", "sphinx-lint", "sphinx-notfound-page (>=1,<2)", "sphinx-reredirects", "sphinxcontrib-towncrier", "towncrier (<24.7)"]
enabler = ["pytest-enabler (>=2.2)"]
test = ["build[virtualenv] (>=1.0.3)", "filelock (>=3.4.0)", "ini2toml[lite] (>=0.14)", "jaraco.develop (>=7.21) ; python_version >= \"3.9\" and sys_platform != \"cygwin\"", "jaraco.envs (>=2.2)", "jaraco.path (>=3.7.2)", "jaraco.test (>=5.5)", "packaging (>=24.2)", "pip (>=19.1)", "pyproject-hooks (!=1.1)", "pytest (>=6,!=8.1.*)", "pytest-home (>=0.5)", "pytest-perf ; sys_platform != \"cygwin\"", "pytest-subprocess", "pytest-timeout", "pytest-xdist (>=3)", "tomli-w (>=1.0.0)", "virtualenv (>=13.0.0)", "wheel (>=0.44.0)"]
type = ["importlib_metadata (>=7.0.2) ; python_version < \"3.10\"", "jaraco.develop (>=7.21) ; sys_platform != \"cygwin\"", "mypy (==1.14.*)", "pytest-mypy"]

[[package]]
name = "structlog"
version = "25.4.0"
description = "Structured Logging for Python"
optional = false
python-versions = ">=3.8"
groups = ["main"]
files = [
    {file = "structlog-25.4.0-py3-none-any.whl", hash = "sha256:fe809ff5c27e557d14e613f45ca441aabda051d119ee5a0102aaba6ce40eed2c"},
    {file = "structlog-25.4.0.tar.gz", hash = "sha256:186cd1b0a8ae762e29417095664adf1d6a31702160a46dacb7796ea82f7409e4"},
]

[package.dependencies]
typing-extensions = {version = "*", markers = "python_version < \"3.11\""}

[[package]]
name = "tomli"
version = "2.0.1"
description = "A lil' TOML parser"
optional = false
python-versions = ">=3.7"
groups = ["dev"]
files = [
    {file = "tomli-2.0.1-py3-none-any.whl", hash = "sha256:939de3e7a6161af0c887ef91b7d41a53e7c5a1ca976325f429cb46ea9bc30ecc"},
    {file = "tomli-2.0.1.tar.gz", hash = "sha256:de526c12914f0c550d15924c62d72abc48d6fe7364aa87328337a31007fe8a4f"},
]

[[package]]
name = "typing-extensions"
version = "4.8.0"
description = "Backported and Experimental Type Hints for Python 3.8+"
optional = false
python-versions = ">=3.8"
groups = ["main", "dev"]
files = [
    {file = "typing_extensions-4.8.0-py3-none-any.whl", hash = "sha256:8f92fc8806f9a6b641eaa5318da32b44d401efaac0f6678c9bc448ba3605faa0"},
    {file = "typing_extensions-4.8.0.tar.gz", hash = "sha256:df8e4339e9cb77357558cbdbceca33c303714cf861d1eef15e1070055ae8b7ef"},
]
markers = {main = "python_version < \"3.11\""}

[metadata]
lock-version = "2.1"
python-versions = "^3.10"
content-hash = "f451093540dfb43778c18c88600216ee75f78fd174f457ed98e9292028c8c1b5"
